
Microsoft Visual Studio Solution File, Format Version 12.00
# Visual Studio Version 16
VisualStudioVersion = 16.0.30225.117
MinimumVisualStudioVersion = 10.0.40219.1
Project("{FAE04EC0-301F-11D3-BF4B-00C04F79EFBC}") = "FarmDog", "FarmDog\FarmDog.csproj", "{5FFF6A88-91AD-440F-8F8A-D35F8BA903BA}"
EndProject
Global
	GlobalSection(SolutionConfigurationPlatforms) = preSolution
		Debug|Any CPU = Debug|Any CPU
		Release|Any CPU = Release|Any CPU
	EndGlobalSection
	GlobalSection(ProjectConfigurationPlatforms) = postSolution
		{5FFF6A88-91AD-440F-8F8A-D35F8BA903BA}.Debug|Any CPU.ActiveCfg = Debug|Any CPU
		{5FFF6A88-91AD-440F-8F8A-D35F8BA903BA}.Debug|Any CPU.Build.0 = Debug|Any CPU
		{5FFF6A88-91AD-440F-8F8A-D35F8BA903BA}.Release|Any CPU.ActiveCfg = Release|Any CPU
		{5FFF6A88-91AD-440F-8F8A-D35F8BA903BA}.Release|Any CPU.Build.0 = Release|Any CPU
	EndGlobalSection
	GlobalSection(SolutionProperties) = preSolution
		HideSolutionNode = FALSE
	EndGlobalSection
	GlobalSection(ExtensibilityGlobals) = postSolution
		SolutionGuid = {EC34BF7A-5835-4AF5-ACD5-46669B84A16D}
	EndGlobalSection
EndGlobal
